{
  "name": "pjsbackend",
  "lockfileVersion": 3,
  "requires": true,
  "packages": {
    "": {
      "dependencies": {
        "player.style": "^0.1.5",
        "swiper": "^11.2.5"
      }
    },
    "node_modules/ce-la-react": {
      "version": "0.1.3",
      "resolved": "https://registry.npmjs.org/ce-la-react/-/ce-la-react-0.1.3.tgz",
      "integrity": "sha512-zZwEEJv9XukeEGbswQXObaDJjYAufOIilSnDg4BWCpKNEYN84H9fpaB+wl+rYKWOIH4wBBPbLnOxKvDIwsL/JQ==",
      "license": "BSD-3-Clause",
      "peerDependencies": {
        "react": ">=17.0.0"
      }
    },
    "node_modules/media-chrome": {
      "version": "4.7.1",
      "resolved": "https://registry.npmjs.org/media-chrome/-/media-chrome-4.7.1.tgz",
      "integrity": "sha512-9aZZTpMeSWqHq8klcwo10dKR0DcKHk6SEFaAp0gwgn9dPpl/E6WTkTHswwHqmLPPny1P0Mf33NmA2d2Qj+62tA==",
      "license": "MIT",
      "dependencies": {
        "ce-la-react": "^0.1.3"
      }
    },
    "node_modules/player.style": {
      "version": "0.1.5",
      "resolved": "https://registry.npmjs.org/player.style/-/player.style-0.1.5.tgz",
      "integrity": "sha512-qfeudwJbYWQ/cDERtxeM5gnaY1AvaC7tTgl7COY1lcCMssuz4EQzUz/c5P9OKUSi1TrXj0NAFw3lK6kJoYFNbQ==",
      "license": "MIT",
      "workspaces": [
        ".",
        "site",
        "examples/*",
        "scripts/*",
        "themes/*"
      ],
      "dependencies": {
        "media-chrome": "~4.7.1"
      }
    },
    "node_modules/react": {
      "version": "19.0.0",
      "resolved": "https://registry.npmjs.org/react/-/react-19.0.0.tgz",
      "integrity": "sha512-V8AVnmPIICiWpGfm6GLzCR/W5FXLchHop40W4nXBmdlEceh16rCN8O8LNWm5bh5XUX91fh7KpA+W0TgMKmgTpQ==",
      "license": "MIT",
      "peer": true,
      "engines": {
        "node": ">=0.10.0"
      }
    },
    "node_modules/swiper": {
      "version": "11.2.5",
      "resolved": "https://registry.npmjs.org/swiper/-/swiper-11.2.5.tgz",
      "integrity": "sha512-nG0kbIyBfeE2BPFt9nPUX03qUBF75o6+enzjIT/DfCmbh8ORlwhc4eZz1+4H/yseAgb3H+OoEYzmb64i0tYNnQ==",
      "funding": [
        {
          "type": "patreon",
          "url": "https://www.patreon.com/swiperjs"
        },
        {
          "type": "open_collective",
          "url": "http://opencollective.com/swiper"
        }
      ],
      "license": "MIT",
      "engines": {
        "node": ">= 4.7.0"
      }
    }
  }
}
